// !$*UTF8*$!
{
	archiveVersion = 1;
	classes = {
	};
	objectVersion = 46;
	objects = {

/* Begin PBXBuildFile section */
		37A9C207199D7D1B005FF61E /* AppDelegate.swift in Sources */ = {isa = PBXBuildFile; fileRef = 37A9C206199D7D1B005FF61E /* AppDelegate.swift */; };
		37A9C209199D7D1B005FF61E /* FirstViewController.swift in Sources */ = {isa = PBXBuildFile; fileRef = 37A9C208199D7D1B005FF61E /* FirstViewController.swift */; };
		37A9C20B199D7D1B005FF61E /* SecondViewController.swift in Sources */ = {isa = PBXBuildFile; fileRef = 37A9C20A199D7D1B005FF61E /* SecondViewController.swift */; };
		37A9C20E199D7D1B005FF61E /* Main.storyboard in Resources */ = {isa = PBXBuildFile; fileRef = 37A9C20C199D7D1B005FF61E /* Main.storyboard */; };
		37A9C210199D7D1B005FF61E /* Images.xcassets in Resources */ = {isa = PBXBuildFile; fileRef = 37A9C20F199D7D1B005FF61E /* Images.xcassets */; };
		37A9C21C199D7D1B005FF61E /* CHChuckNorrisTests.swift in Sources */ = {isa = PBXBuildFile; fileRef = 37A9C21B199D7D1B005FF61E /* CHChuckNorrisTests.swift */; };
/* End PBXBuildFile section */

/* Begin PBXContainerItemProxy section */
		37A9C216199D7D1B005FF61E /* PBXContainerItemProxy */ = {
			isa = PBXContainerItemProxy;
			containerPortal = 37A9C1F9199D7D1B005FF61E /* Project object */;
			proxyType = 1;
			remoteGlobalIDString = 37A9C200199D7D1B005FF61E;
			remoteInfo = CHChuckNorris;
		};
/* End PBXContainerItemProxy section */

/* Begin PBXFileReference section */
		37A9C201199D7D1B005FF61E /* CHChuckNorris.app */ = {isa = PBXFileReference; explicitFileType = wrapper.application; includeInIndex = 0; path = CHChuckNorris.app; sourceTree = BUILT_PRODUCTS_DIR; };
		37A9C205199D7D1B005FF61E /* Info.plist */ = {isa = PBXFileReference; lastKnownFileType = text.plist.xml; path = Info.plist; sourceTree = "<group>"; };
		37A9C206199D7D1B005FF61E /* AppDelegate.swift */ = {isa = PBXFileReference; lastKnownFileType = sourcecode.swift; path = AppDelegate.swift; sourceTree = "<group>"; };
		37A9C208199D7D1B005FF61E /* FirstViewController.swift */ = {isa = PBXFileReference; lastKnownFileType = sourcecode.swift; path = FirstViewController.swift; sourceTree = "<group>"; };
		37A9C20A199D7D1B005FF61E /* SecondViewController.swift */ = {isa = PBXFileReference; lastKnownFileType = sourcecode.swift; path = SecondViewController.swift; sourceTree = "<group>"; };
		37A9C20D199D7D1B005FF61E /* Base */ = {isa = PBXFileReference; lastKnownFileType = file.storyboard; name = Base; path = Base.lproj/Main.storyboard; sourceTree = "<group>"; };
		37A9C20F199D7D1B005FF61E /* Images.xcassets */ = {isa = PBXFileReference; lastKnownFileType = folder.assetcatalog; path = Images.xcassets; sourceTree = "<group>"; };
		37A9C215199D7D1B005FF61E /* CHChuckNorrisTests.xctest */ = {isa = PBXFileReference; explicitFileType = wrapper.cfbundle; includeInIndex = 0; path = CHChuckNorrisTests.xctest; sourceTree = BUILT_PRODUCTS_DIR; };
		37A9C21A199D7D1B005FF61E /* Info.plist */ = {isa = PBXFileReference; lastKnownFileType = text.plist.xml; path = Info.plist; sourceTree = "<group>"; };
		37A9C21B199D7D1B005FF61E /* CHChuckNorrisTests.swift */ = {isa = PBXFileReference; lastKnownFileType = sourcecode.swift; path = CHChuckNorrisTests.swift; sourceTree = "<group>"; };
/* End PBXFileReference section */

/* Begin PBXFrameworksBuildPhase section */
		37A9C1FE199D7D1B005FF61E /* Frameworks */ = {
			isa = PBXFrameworksBuildPhase;
			buildActionMask = 2147483647;
			files = (
			);
			runOnlyForDeploymentPostprocessing = 0;
		};
		37A9C212199D7D1B005FF61E /* Frameworks */ = {
			isa = PBXFrameworksBuildPhase;
			buildActionMask = 2147483647;
			files = (
			);
			runOnlyForDeploymentPostprocessing = 0;
		};
/* End PBXFrameworksBuildPhase section */

/* Begin PBXGroup section */
		37A9C1F8199D7D1B005FF61E = {
			isa = PBXGroup;
			children = (
				37A9C203199D7D1B005FF61E /* CHChuckNorris */,
				37A9C218199D7D1B005FF61E /* CHChuckNorrisTests */,
				37A9C202199D7D1B005FF61E /* Products */,
			);
			sourceTree = "<group>";
		};
		37A9C202199D7D1B005FF61E /* Products */ = {
			isa = PBXGroup;
			children = (
				37A9C201199D7D1B005FF61E /* CHChuckNorris.app */,
				37A9C215199D7D1B005FF61E /* CHChuckNorrisTests.xctest */,
			);
			name = Products;
			sourceTree = "<group>";
		};
		37A9C203199D7D1B005FF61E /* CHChuckNorris */ = {
			isa = PBXGroup;
			children = (
				37A9C206199D7D1B005FF61E /* AppDelegate.swift */,
				37A9C208199D7D1B005FF61E /* FirstViewController.swift */,
				37A9C20A199D7D1B005FF61E /* SecondViewController.swift */,
				37A9C20C199D7D1B005FF61E /* Main.storyboard */,
				37A9C20F199D7D1B005FF61E /* Images.xcassets */,
				37A9C204199D7D1B005FF61E /* Supporting Files */,
			);
			path = CHChuckNorris;
			sourceTree = "<group>";
		};
		37A9C204199D7D1B005FF61E /* Supporting Files */ = {
			isa = PBXGroup;
			children = (
				37A9C205199D7D1B005FF61E /* Info.plist */,
			);
			name = "Supporting Files";
			sourceTree = "<group>";
		};
		37A9C218199D7D1B005FF61E /* CHChuckNorrisTests */ = {
			isa = PBXGroup;
			children = (
				37A9C21B199D7D1B005FF61E /* CHChuckNorrisTests.swift */,
				37A9C219199D7D1B005FF61E /* Supporting Files */,
			);
			path = CHChuckNorrisTests;
			sourceTree = "<group>";
		};
		37A9C219199D7D1B005FF61E /* Supporting Files */ = {
			isa = PBXGroup;
			children = (
				37A9C21A199D7D1B005FF61E /* Info.plist */,
			);
			name = "Supporting Files";
			sourceTree = "<group>";
		};
/* End PBXGroup section */

/* Begin PBXNativeTarget section */
		37A9C200199D7D1B005FF61E /* CHChuckNorris */ = {
			isa = PBXNativeTarget;
			buildConfigurationList = 37A9C21F199D7D1B005FF61E /* Build configuration list for PBXNativeTarget "CHChuckNorris" */;
			buildPhases = (
				37A9C1FD199D7D1B005FF61E /* Sources */,
				37A9C1FE199D7D1B005FF61E /* Frameworks */,
				37A9C1FF199D7D1B005FF61E /* Resources */,
			);
			buildRules = (
			);
			dependencies = (
			);
			name = CHChuckNorris;
			productName = CHChuckNorris;
			productReference = 37A9C201199D7D1B005FF61E /* CHChuckNorris.app */;
			productType = "com.apple.product-type.application";
		};
		37A9C214199D7D1B005FF61E /* CHChuckNorrisTests */ = {
			isa = PBXNativeTarget;
			buildConfigurationList = 37A9C222199D7D1B005FF61E /* Build configuration list for PBXNativeTarget "CHChuckNorrisTests" */;
			buildPhases = (
				37A9C211199D7D1B005FF61E /* Sources */,
				37A9C212199D7D1B005FF61E /* Frameworks */,
				37A9C213199D7D1B005FF61E /* Resources */,
			);
			buildRules = (
			);
			dependencies = (
				37A9C217199D7D1B005FF61E /* PBXTargetDependency */,
			);
			name = CHChuckNorrisTests;
			productName = CHChuckNorrisTests;
			productReference = 37A9C215199D7D1B005FF61E /* CHChuckNorrisTests.xctest */;
			productType = "com.apple.product-type.bundle.unit-test";
		};
/* End PBXNativeTarget section */

/* Begin PBXProject section */
		37A9C1F9199D7D1B005FF61E /* Project object */ = {
			isa = PBXProject;
			attributes = {
				LastUpgradeCheck = 0600;
				ORGANIZATIONNAME = "Sagetech, LLC.";
				TargetAttributes = {
					37A9C200199D7D1B005FF61E = {
						CreatedOnToolsVersion = 6.0;
					};
					37A9C214199D7D1B005FF61E = {
						CreatedOnToolsVersion = 6.0;
						TestTargetID = 37A9C200199D7D1B005FF61E;
					};
				};
			};
			buildConfigurationList = 37A9C1FC199D7D1B005FF61E /* Build configuration list for PBXProject "CHChuckNorris" */;
			compatibilityVersion = "Xcode 3.2";
			developmentRegion = English;
			hasScannedForEncodings = 0;
			knownRegions = (
				en,
				Base,
			);
			mainGroup = 37A9C1F8199D7D1B005FF61E;
			productRefGroup = 37A9C202199D7D1B005FF61E /* Products */;
			projectDirPath = "";
			projectRoot = "";
			targets = (
				37A9C200199D7D1B005FF61E /* CHChuckNorris */,
				37A9C214199D7D1B005FF61E /* CHChuckNorrisTests */,
			);
		};
/* End PBXProject section */

/* Begin PBXResourcesBuildPhase section */
		37A9C1FF199D7D1B005FF61E /* Resources */ = {
			isa = PBXResourcesBuildPhase;
			buildActionMask = 2147483647;
			files = (
				37A9C20E199D7D1B005FF61E /* Main.storyboard in Resources */,
				37A9C210199D7D1B005FF61E /* Images.xcassets in Resources */,
			);
			runOnlyForDeploymentPostprocessing = 0;
		};
		37A9C213199D7D1B005FF61E /* Resources */ = {
			isa = PBXResourcesBuildPhase;
			buildActionMask = 2147483647;
			files = (
			);
			runOnlyForDeploymentPostprocessing = 0;
		};
/* End PBXResourcesBuildPhase section */

/* Begin PBXSourcesBuildPhase section */
		37A9C1FD199D7D1B005FF61E /* Sources */ = {
			isa = PBXSourcesBuildPhase;
			buildActionMask = 2147483647;
			files = (
				37A9C20B199D7D1B005FF61E /* SecondViewController.swift in Sources */,
				37A9C207199D7D1B005FF61E /* AppDelegate.swift in Sources */,
				37A9C209199D7D1B005FF61E /* FirstViewController.swift in Sources */,
			);
			runOnlyForDeploymentPostprocessing = 0;
		};
		37A9C211199D7D1B005FF61E /* Sources */ = {
			isa = PBXSourcesBuildPhase;
			buildActionMask = 2147483647;
			files = (
				37A9C21C199D7D1B005FF61E /* CHChuckNorrisTests.swift in Sources */,
			);
			runOnlyForDeploymentPostprocessing = 0;
		};
/* End PBXSourcesBuildPhase section */

/* Begin PBXTargetDependency section */
		37A9C217199D7D1B005FF61E /* PBXTargetDependency */ = {
			isa = PBXTargetDependency;
			target = 37A9C200199D7D1B005FF61E /* CHChuckNorris */;
			targetProxy = 37A9C216199D7D1B005FF61E /* PBXContainerItemProxy */;
		};
/* End PBXTargetDependency section */

/* Begin PBXVariantGroup section */
		37A9C20C199D7D1B005FF61E /* Main.storyboard */ = {
			isa = PBXVariantGroup;
			children = (
				37A9C20D199D7D1B005FF61E /* Base */,
			);
			name = Main.storyboard;
			sourceTree = "<group>";
		};
/* End PBXVariantGroup section */

/* Begin XCBuildConfiguration section */
		37A9C21D199D7D1B005FF61E /* Debug */ = {
			isa = XCBuildConfiguration;
			buildSettings = {
				ALWAYS_SEARCH_USER_PATHS = NO;
				CLANG_CXX_LANGUAGE_STANDARD = "gnu++0x";
				CLANG_CXX_LIBRARY = "libc++";
				CLANG_ENABLE_MODULES = YES;
				CLANG_ENABLE_OBJC_ARC = YES;
				CLANG_WARN_BOOL_CONVERSION = YES;
				CLANG_WARN_CONSTANT_CONVERSION = YES;
				CLANG_WARN_DIRECT_OBJC_ISA_USAGE = YES_ERROR;
				CLANG_WARN_EMPTY_BODY = YES;
				CLANG_WARN_ENUM_CONVERSION = YES;
				CLANG_WARN_INT_CONVERSION = YES;
				CLANG_WARN_OBJC_ROOT_CLASS = YES_ERROR;
				CLANG_WARN_UNREACHABLE_CODE = YES;
				CLANG_WARN__DUPLICATE_METHOD_MATCH = YES;
				"CODE_SIGN_IDENTITY[sdk=iphoneos*]" = "iPhone Developer";
				COPY_PHASE_STRIP = NO;
				ENABLE_STRICT_OBJC_MSGSEND = YES;
				GCC_C_LANGUAGE_STANDARD = gnu99;
				GCC_DYNAMIC_NO_PIC = NO;
				GCC_OPTIMIZATION_LEVEL = 0;
				GCC_PREPROCESSOR_DEFINITIONS = (
					"DEBUG=1",
					"$(inherited)",
				);
				GCC_SYMBOLS_PRIVATE_EXTERN = NO;
				GCC_WARN_64_TO_32_BIT_CONVERSION = YES;
				GCC_WARN_ABOUT_RETURN_TYPE = YES_ERROR;
				GCC_WARN_UNDECLARED_SELECTOR = YES;
				GCC_WARN_UNINITIALIZED_AUTOS = YES_AGGRESSIVE;
				GCC_WARN_UNUSED_FUNCTION = YES;
				GCC_WARN_UNUSED_VARIABLE = YES;
				IPHONEOS_DEPLOYMENT_TARGET = 8.0;
				MTL_ENABLE_DEBUG_INFO = YES;
				ONLY_ACTIVE_ARCH = YES;
				SDKROOT = iphoneos;
				SWIFT_OPTIMIZATION_LEVEL = "-Onone";
			};
			name = Debug;
		};
		37A9C21E199D7D1B005FF61E /* Release */ = {
			isa = XCBuildConfiguration;
			buildSettings = {
				ALWAYS_SEARCH_USER_PATHS = NO;
				CLANG_CXX_LANGUAGE_STANDARD = "gnu++0x";
				CLANG_CXX_LIBRARY = "libc++";
				CLANG_ENABLE_MODULES = YES;
				CLANG_ENABLE_OBJC_ARC = YES;
				CLANG_WARN_BOOL_CONVERSION = YES;
				CLANG_WARN_CONSTANT_CONVERSION = YES;
				CLANG_WARN_DIRECT_OBJC_ISA_USAGE = YES_ERROR;
				CLANG_WARN_EMPTY_BODY = YES;
				CLANG_WARN_ENUM_CONVERSION = YES;
				CLANG_WARN_INT_CONVERSION = YES;
				CLANG_WARN_OBJC_ROOT_CLASS = YES_ERROR;
				CLANG_WARN_UNREACHABLE_CODE = YES;
				CLANG_WARN__DUPLICATE_METHOD_MATCH = YES;
				"CODE_SIGN_IDENTITY[sdk=iphoneos*]" = "iPhone Developer";
				COPY_PHASE_STRIP = YES;
				ENABLE_NS_ASSERTIONS = NO;
				ENABLE_STRICT_OBJC_MSGSEND = YES;
				GCC_C_LANGUAGE_STANDARD = gnu99;
				GCC_WARN_64_TO_32_BIT_CONVERSION = YES;
				GCC_WARN_ABOUT_RETURN_TYPE = YES_ERROR;
				GCC_WARN_UNDECLARED_SELECTOR = YES;
				GCC_WARN_UNINITIALIZED_AUTOS = YES_AGGRESSIVE;
				GCC_WARN_UNUSED_FUNCTION = YES;
				GCC_WARN_UNUSED_VARIABLE = YES;
				IPHONEOS_DEPLOYMENT_TARGET = 8.0;
				MTL_ENABLE_DEBUG_INFO = NO;
				SDKROOT = iphoneos;
				VALIDATE_PRODUCT = YES;
			};
			name = Release;
		};
		37A9C220199D7D1B005FF61E /* Debug */ = {
			isa = XCBuildConfiguration;
			buildSettings = {
				ASSETCATALOG_COMPILER_APPICON_NAME = AppIcon;
				ASSETCATALOG_COMPILER_LAUNCHIMAGE_NAME = LaunchImage;
				INFOPLIST_FILE = CHChuckNorris/Info.plist;
				LD_RUNPATH_SEARCH_PATHS = "$(inherited) @executable_path/Frameworks";
				PRODUCT_NAME = "$(TARGET_NAME)";
			};
			name = Debug;
		};
		37A9C221199D7D1B005FF61E /* Release */ = {
			isa = XCBuildConfiguration;
			buildSettings = {
				ASSETCATALOG_COMPILER_APPICON_NAME = AppIcon;
				ASSETCATALOG_COMPILER_LAUNCHIMAGE_NAME = LaunchImage;
				INFOPLIST_FILE = CHChuckNorris/Info.plist;
				LD_RUNPATH_SEARCH_PATHS = "$(inherited) @executable_path/Frameworks";
				PRODUCT_NAME = "$(TARGET_NAME)";
			};
			name = Release;
		};
		37A9C223199D7D1B005FF61E /* Debug */ = {
			isa = XCBuildConfiguration;
			buildSettings = {
				BUNDLE_LOADER = "$(BUILT_PRODUCTS_DIR)/CHChuckNorris.app/CHChuckNorris";
				FRAMEWORK_SEARCH_PATHS = (
					"$(SDKROOT)/Developer/Library/Frameworks",
					"$(inherited)",
				);
				GCC_PREPROCESSOR_DEFINITIONS = (
					"DEBUG=1",
					"$(inherited)",
				);
				INFOPLIST_FILE = CHChuckNorrisTests/Info.plist;
				LD_RUNPATH_SEARCH_PATHS = "$(inherited) @executable_path/Frameworks @loader_path/Frameworks";
				PRODUCT_NAME = "$(TARGET_NAME)";
				TEST_HOST = "$(BUNDLE_LOADER)";
			};
			name = Debug;
		};
		37A9C224199D7D1B005FF61E /* Release */ = {
			isa = XCBuildConfiguration;
			buildSettings = {
				BUNDLE_LOADER = "$(BUILT_PRODUCTS_DIR)/CHChuckNorris.app/CHChuckNorris";
				FRAMEWORK_SEARCH_PATHS = (
					"$(SDKROOT)/Developer/Library/Frameworks",
					"$(inherited)",
				);
				INFOPLIST_FILE = CHChuckNorrisTests/Info.plist;
				LD_RUNPATH_SEARCH_PATHS = "$(inherited) @executable_path/Frameworks @loader_path/Frameworks";
				PRODUCT_NAME = "$(TARGET_NAME)";
				TEST_HOST = "$(BUNDLE_LOADER)";
			};
			name = Release;
		};
/* End XCBuildConfiguration section */

/* Begin XCConfigurationList section */
		37A9C1FC199D7D1B005FF61E /* Build configuration list for PBXProject "CHChuckNorris" */ = {
			isa = XCConfigurationList;
			buildConfigurations = (
				37A9C21D199D7D1B005FF61E /* Debug */,
				37A9C21E199D7D1B005FF61E /* Release */,
			);
			defaultConfigurationIsVisible = 0;
			defaultConfigurationName = Release;
		};
		37A9C21F199D7D1B005FF61E /* Build configuration list for PBXNativeTarget "CHChuckNorris" */ = {
			isa = XCConfigurationList;
			buildConfigurations = (
				37A9C220199D7D1B005FF61E /* Debug */,
				37A9C221199D7D1B005FF61E /* Release */,
			);
			defaultConfigurationIsVisible = 0;
		};
		37A9C222199D7D1B005FF61E /* Build configuration list for PBXNativeTarget "CHChuckNorrisTests" */ = {
			isa = XCConfigurationList;
			buildConfigurations = (
				37A9C223199D7D1B005FF61E /* Debug */,
				37A9C224199D7D1B005FF61E /* Release */,
			);
			defaultConfigurationIsVisible = 0;
		};
/* End XCConfigurationList section */
	};
	rootObject = 37A9C1F9199D7D1B005FF61E /* Project object */;
}
